
Microsoft Visual Studio Solution File, Format Version 12.00
# Visual Studio 15
Project("{FAE04EC0-301F-11D3-BF4B-00C04F79EFBC}") = "Base-Defend", "Assembly-CSharp.csproj", "{8BB1EF8E-17FA-E37D-E6D0-8AA8D5681A2A}"
EndProject
Project("{FAE04EC0-301F-11D3-BF4B-00C04F79EFBC}") = "Base-Defend", "Assembly-CSharp-Editor.csproj", "{1283661C-577B-F5D1-9E28-1DF68C5ABC97}"
EndProject
Global
	GlobalSection(SolutionConfigurationPlatforms) = preSolution
		Debug|Any CPU = Debug|Any CPU
		Release|Any CPU = Release|Any CPU
	EndGlobalSection
	GlobalSection(ProjectConfigurationPlatforms) = postSolution
		{8BB1EF8E-17FA-E37D-E6D0-8AA8D5681A2A}.Debug|Any CPU.ActiveCfg = Debug|Any CPU
		{8BB1EF8E-17FA-E37D-E6D0-8AA8D5681A2A}.Debug|Any CPU.Build.0 = Debug|Any CPU
		{8BB1EF8E-17FA-E37D-E6D0-8AA8D5681A2A}.Release|Any CPU.ActiveCfg = Release|Any CPU
		{8BB1EF8E-17FA-E37D-E6D0-8AA8D5681A2A}.Release|Any CPU.Build.0 = Release|Any CPU
		{1283661C-577B-F5D1-9E28-1DF68C5ABC97}.Debug|Any CPU.ActiveCfg = Debug|Any CPU
		{1283661C-577B-F5D1-9E28-1DF68C5ABC97}.Debug|Any CPU.Build.0 = Debug|Any CPU
		{1283661C-577B-F5D1-9E28-1DF68C5ABC97}.Release|Any CPU.ActiveCfg = Release|Any CPU
		{1283661C-577B-F5D1-9E28-1DF68C5ABC97}.Release|Any CPU.Build.0 = Release|Any CPU
	EndGlobalSection
	GlobalSection(SolutionProperties) = preSolution
		HideSolutionNode = FALSE
	EndGlobalSection
EndGlobal
